
Microsoft Visual Studio Solution File, Format Version 12.00
# Visual Studio Version 17
VisualStudioVersion = 17.1.32421.90
MinimumVisualStudioVersion = 10.0.40219.1
Project("{9A19103F-16F7-4668-BE54-9A1E7A4F7556}") = "Collections.Tests", "Collections.Tests.csproj", "{7E1FD3C9-128F-47DE-9171-8ECE9CC15CEB}"
EndProject
Global
	GlobalSection(SolutionConfigurationPlatforms) = preSolution
		Debug|Any CPU = Debug|Any CPU
		Release|Any CPU = Release|Any CPU
	EndGlobalSection
	GlobalSection(ProjectConfigurationPlatforms) = postSolution
		{7E1FD3C9-128F-47DE-9171-8ECE9CC15CEB}.Debug|Any CPU.ActiveCfg = Debug|Any CPU
		{7E1FD3C9-128F-47DE-9171-8ECE9CC15CEB}.Debug|Any CPU.Build.0 = Debug|Any CPU
		{7E1FD3C9-128F-47DE-9171-8ECE9CC15CEB}.Release|Any CPU.ActiveCfg = Release|Any CPU
		{7E1FD3C9-128F-47DE-9171-8ECE9CC15CEB}.Release|Any CPU.Build.0 = Release|Any CPU
	EndGlobalSection
	GlobalSection(SolutionProperties) = preSolution
		HideSolutionNode = FALSE
	EndGlobalSection
	GlobalSection(ExtensibilityGlobals) = postSolution
		SolutionGuid = {A27BF5A5-8A32-49DA-ABE6-48590FC264DF}
	EndGlobalSection
EndGlobal
