
Microsoft Visual Studio Solution File, Format Version 12.00
# Visual Studio Version 17
VisualStudioVersion = 17.1.32421.90
MinimumVisualStudioVersion = 10.0.40219.1
Project("{FAE04EC0-301F-11D3-BF4B-00C04F79EFBC}") = "Summator", "Summator\Summator.csproj", "{295220A6-3BD1-43DC-99A0-5B0D03794E5B}"
EndProject
Project("{FAE04EC0-301F-11D3-BF4B-00C04F79EFBC}") = "Summator.Tests", "SumatorTests\Summator.Tests.csproj", "{9AF2878E-FAD8-47B8-8829-1A4B745D0444}"
EndProject
Global
	GlobalSection(SolutionConfigurationPlatforms) = preSolution
		Debug|Any CPU = Debug|Any CPU
		Release|Any CPU = Release|Any CPU
	EndGlobalSection
	GlobalSection(ProjectConfigurationPlatforms) = postSolution
		{295220A6-3BD1-43DC-99A0-5B0D03794E5B}.Debug|Any CPU.ActiveCfg = Debug|Any CPU
		{295220A6-3BD1-43DC-99A0-5B0D03794E5B}.Debug|Any CPU.Build.0 = Debug|Any CPU
		{295220A6-3BD1-43DC-99A0-5B0D03794E5B}.Release|Any CPU.ActiveCfg = Release|Any CPU
		{295220A6-3BD1-43DC-99A0-5B0D03794E5B}.Release|Any CPU.Build.0 = Release|Any CPU
		{9AF2878E-FAD8-47B8-8829-1A4B745D0444}.Debug|Any CPU.ActiveCfg = Debug|Any CPU
		{9AF2878E-FAD8-47B8-8829-1A4B745D0444}.Debug|Any CPU.Build.0 = Debug|Any CPU
		{9AF2878E-FAD8-47B8-8829-1A4B745D0444}.Release|Any CPU.ActiveCfg = Release|Any CPU
		{9AF2878E-FAD8-47B8-8829-1A4B745D0444}.Release|Any CPU.Build.0 = Release|Any CPU
	EndGlobalSection
	GlobalSection(SolutionProperties) = preSolution
		HideSolutionNode = FALSE
	EndGlobalSection
	GlobalSection(ExtensibilityGlobals) = postSolution
		SolutionGuid = {01FBFA76-6B16-46A4-96E4-9B6931AC3571}
	EndGlobalSection
EndGlobal
